
Microsoft Visual Studio Solution File, Format Version 12.00
# Visual Studio Version 17
VisualStudioVersion = 17.5.002.0
MinimumVisualStudioVersion = 10.0.40219.1
Project("{9A19103F-16F7-4668-BE54-9A1E7A4F7556}") = "Plus-One", "Plus-One.csproj", "{BABAA77F-7C72-476C-B59D-C5E7AA8E4B86}"
EndProject
Global
	GlobalSection(SolutionConfigurationPlatforms) = preSolution
		Debug|Any CPU = Debug|Any CPU
		Release|Any CPU = Release|Any CPU
	EndGlobalSection
	GlobalSection(ProjectConfigurationPlatforms) = postSolution
		{BABAA77F-7C72-476C-B59D-C5E7AA8E4B86}.Debug|Any CPU.ActiveCfg = Debug|Any CPU
		{BABAA77F-7C72-476C-B59D-C5E7AA8E4B86}.Debug|Any CPU.Build.0 = Debug|Any CPU
		{BABAA77F-7C72-476C-B59D-C5E7AA8E4B86}.Release|Any CPU.ActiveCfg = Release|Any CPU
		{BABAA77F-7C72-476C-B59D-C5E7AA8E4B86}.Release|Any CPU.Build.0 = Release|Any CPU
	EndGlobalSection
	GlobalSection(SolutionProperties) = preSolution
		HideSolutionNode = FALSE
	EndGlobalSection
	GlobalSection(ExtensibilityGlobals) = postSolution
		SolutionGuid = {EDFEBE10-3958-43EB-A7C0-2203AA8768C1}
	EndGlobalSection
EndGlobal
